Microsoft Visual Studio Solution File, Format Version 12.00
# Visual Studio Version 17
VisualStudioVersion = 17.5.2.0
MinimumVisualStudioVersion = 10.0.40219.1
Project("{FAE04EC0-301F-11D3-BF4B-00C04F79EFBC}") = "GUIClient", "GUIClient\GUIClient.csproj", "{3D6D0976-8584-C6D1-271F-5FCE4B9FDD06}"
EndProject
Global
	GlobalSection(SolutionConfigurationPlatforms) = preSolution
		Debug|Any CPU = Debug|Any CPU
		Release|Any CPU = Release|Any CPU
	EndGlobalSection
	GlobalSection(ProjectConfigurationPlatforms) = postSolution
		{3D6D0976-8584-C6D1-271F-5FCE4B9FDD06}.Debug|Any CPU.ActiveCfg = Debug|Any CPU
		{3D6D0976-8584-C6D1-271F-5FCE4B9FDD06}.Debug|Any CPU.Build.0 = Debug|Any CPU
		{3D6D0976-8584-C6D1-271F-5FCE4B9FDD06}.Release|Any CPU.ActiveCfg = Release|Any CPU
		{3D6D0976-8584-C6D1-271F-5FCE4B9FDD06}.Release|Any CPU.Build.0 = Release|Any CPU
	EndGlobalSection
	GlobalSection(SolutionProperties) = preSolution
		HideSolutionNode = FALSE
	EndGlobalSection
	GlobalSection(ExtensibilityGlobals) = postSolution
		SolutionGuid = {BBB825E2-EB59-425B-A644-B88AF8FB87ED}
	EndGlobalSection
EndGlobal
